{
  "name": "bloggify-lightbox",
  "version": "3.1.1",
  "lockfileVersion": 1,
  "requires": true,
  "dependencies": {
    "elly": {
      "version": "1.1.9",
      "resolved": "https://registry.npmjs.org/elly/-/elly-1.1.9.tgz",
      "integrity": "sha512-wuSdIJ9pXlq7mvhvVp60GIsxZ3sLzg7VEEiJyDTpOsnauVnuSdhVSBMf6F0IiQrZG5np3Uvgcvi5QexLfNOSWw==",
      "requires": {
        "iterate-object": "^1.3.2",
        "sliced": "^1.0.1"
      }
    },
    "idy": {
      "version": "1.2.8",
      "resolved": "https://registry.npmjs.org/idy/-/idy-1.2.8.tgz",
      "integrity": "sha1-QTiu0ryq95I0h6RNd/u9YJXTDN4="
    },
    "iterate-object": {
      "version": "1.3.2",
      "resolved": "https://registry.npmjs.org/iterate-object/-/iterate-object-1.3.2.tgz",
      "integrity": "sha1-JOwVr/pdADnog5aVohwsrh9Ftms="
    },
    "mini-lightbox": {
      "version": "3.0.6",
      "resolved": "https://registry.npmjs.org/mini-lightbox/-/mini-lightbox-3.0.6.tgz",
      "integrity": "sha1-2erIrhgALVlDCsoLij5bkibwZj0=",
      "requires": {
        "elly": "^1.1.2",
        "idy": "^1.2.5",
        "iterate-object": "^1.3.2"
      }
    },
    "sliced": {
      "version": "1.0.1",
      "resolved": "https://registry.npmjs.org/sliced/-/sliced-1.0.1.tgz",
      "integrity": "sha1-CzpmK10Ewxd7GSa+qCsD+Dei70E="
    }
  }
}
